
Microsoft Visual Studio Solution File, Format Version 12.00
# Visual Studio Version 17
VisualStudioVersion = 17.0.32014.148
MinimumVisualStudioVersion = 10.0.40219.1
Project("{FAE04EC0-301F-11D3-BF4B-00C04F79EFBC}") = "IndianStateCensusAnalyzer", "IndianStateCensusAnalyzer.csproj", "{B6FD776F-4A92-4EA9-AFDA-B21C7C03B960}"
EndProject
Project("{FAE04EC0-301F-11D3-BF4B-00C04F79EFBC}") = "CensualAnalyserTest", "..\CensualAnalyserTest\CensualAnalyserTest.csproj", "{3FA8388A-1BAF-44AB-84C7-2045470500DC}"
EndProject
Global
	GlobalSection(SolutionConfigurationPlatforms) = preSolution
		Debug|Any CPU = Debug|Any CPU
		Release|Any CPU = Release|Any CPU
	EndGlobalSection
	GlobalSection(ProjectConfigurationPlatforms) = postSolution
		{B6FD776F-4A92-4EA9-AFDA-B21C7C03B960}.Debug|Any CPU.ActiveCfg = Debug|Any CPU
		{B6FD776F-4A92-4EA9-AFDA-B21C7C03B960}.Debug|Any CPU.Build.0 = Debug|Any CPU
		{B6FD776F-4A92-4EA9-AFDA-B21C7C03B960}.Release|Any CPU.ActiveCfg = Release|Any CPU
		{B6FD776F-4A92-4EA9-AFDA-B21C7C03B960}.Release|Any CPU.Build.0 = Release|Any CPU
		{3FA8388A-1BAF-44AB-84C7-2045470500DC}.Debug|Any CPU.ActiveCfg = Debug|Any CPU
		{3FA8388A-1BAF-44AB-84C7-2045470500DC}.Debug|Any CPU.Build.0 = Debug|Any CPU
		{3FA8388A-1BAF-44AB-84C7-2045470500DC}.Release|Any CPU.ActiveCfg = Release|Any CPU
		{3FA8388A-1BAF-44AB-84C7-2045470500DC}.Release|Any CPU.Build.0 = Release|Any CPU
	EndGlobalSection
	GlobalSection(SolutionProperties) = preSolution
		HideSolutionNode = FALSE
	EndGlobalSection
	GlobalSection(ExtensibilityGlobals) = postSolution
		SolutionGuid = {5DD6672F-97F0-4119-A948-C53188B3F815}
	EndGlobalSection
EndGlobal
